
Microsoft Visual Studio Solution File, Format Version 11.00
# Visual Studio 2010
Project("{2150E333-8FDC-42A3-9474-1A3956D46DE8}") = ".nuget", ".nuget", "{435DC6C4-1061-405F-B791-1EDA2D5934B0}"
	ProjectSection(SolutionItems) = preProject
		.nuget\NuGet.Config = .nuget\NuGet.Config
		.nuget\NuGet.exe = .nuget\NuGet.exe
		.nuget\NuGet.targets = .nuget\NuGet.targets
	EndProjectSection
EndProject
Project("{FAE04EC0-301F-11D3-BF4B-00C04F79EFBC}") = "GitHubBuilder", "GitHubBuilder\GitHubBuilder.csproj", "{84C98DC4-C128-438D-A71F-D9AFC1ABB59C}"
EndProject
Global
	GlobalSection(SolutionConfigurationPlatforms) = preSolution
		Debug|x86 = Debug|x86
		Release|x86 = Release|x86
	EndGlobalSection
	GlobalSection(ProjectConfigurationPlatforms) = postSolution
		{84C98DC4-C128-438D-A71F-D9AFC1ABB59C}.Debug|x86.ActiveCfg = Debug|x86
		{84C98DC4-C128-438D-A71F-D9AFC1ABB59C}.Debug|x86.Build.0 = Debug|x86
		{84C98DC4-C128-438D-A71F-D9AFC1ABB59C}.Release|x86.ActiveCfg = Release|x86
		{84C98DC4-C128-438D-A71F-D9AFC1ABB59C}.Release|x86.Build.0 = Release|x86
	EndGlobalSection
	GlobalSection(SolutionProperties) = preSolution
		HideSolutionNode = FALSE
	EndGlobalSection
EndGlobal
